
Microsoft Visual Studio Solution File, Format Version 12.00
# Visual Studio Version 17
VisualStudioVersion = 17.2.32602.215
MinimumVisualStudioVersion = 10.0.40219.1
Project("{FAE04EC0-301F-11D3-BF4B-00C04F79EFBC}") = "BPR-Blazor", "BPR-Blazor\BPR-Blazor.csproj", "{5F32A2A0-5DDB-4F24-9A04-9B50385E6A48}"
EndProject
Global
	GlobalSection(SolutionConfigurationPlatforms) = preSolution
		Debug|Any CPU = Debug|Any CPU
		Release|Any CPU = Release|Any CPU
	EndGlobalSection
	GlobalSection(ProjectConfigurationPlatforms) = postSolution
		{5F32A2A0-5DDB-4F24-9A04-9B50385E6A48}.Debug|Any CPU.ActiveCfg = Debug|Any CPU
		{5F32A2A0-5DDB-4F24-9A04-9B50385E6A48}.Debug|Any CPU.Build.0 = Debug|Any CPU
		{5F32A2A0-5DDB-4F24-9A04-9B50385E6A48}.Release|Any CPU.ActiveCfg = Release|Any CPU
		{5F32A2A0-5DDB-4F24-9A04-9B50385E6A48}.Release|Any CPU.Build.0 = Release|Any CPU
	EndGlobalSection
	GlobalSection(SolutionProperties) = preSolution
		HideSolutionNode = FALSE
	EndGlobalSection
	GlobalSection(ExtensibilityGlobals) = postSolution
		SolutionGuid = {815C97B1-6A25-4F1B-B5E6-C7A9CBE097A8}
	EndGlobalSection
EndGlobal
